{
  "name": "chesstactix",
  "lockfileVersion": 3,
  "requires": true,
  "packages": {
    "": {
      "dependencies": {
        "tailwind-scrollbar-hide": "^4.0.0"
      }
    },
    "node_modules/tailwind-scrollbar-hide": {
      "version": "4.0.0",
      "resolved": "https://registry.npmjs.org/tailwind-scrollbar-hide/-/tailwind-scrollbar-hide-4.0.0.tgz",
      "integrity": "sha512-gobtvVcThB2Dxhy0EeYSS1RKQJ5baDFkamkhwBvzvevwX6L4XQfpZ3me9s25Ss1ecFVT5jPYJ50n+7xTBJG9WQ==",
      "license": "MIT",
      "peerDependencies": {
        "tailwindcss": ">=3.0.0 || >= 4.0.0 || >= 4.0.0-beta.8 || >= 4.0.0-alpha.20"
      }
    },
    "node_modules/tailwindcss": {
      "version": "4.3.3",
      "resolved": "https://registry.npmjs.org/tailwindcss/-/tailwindcss-4.3.3.tgz",
      "integrity": "sha512-gOhV3P7ufE62QDGg1zVaTgCR+EtPv92k2nIhVcVKcLmxT1sUBsQGhnZj175j+MqRt4zLF7ic+sCYjfhxMxj7YQ==",
      "license": "MIT",
      "peer": true
    }
  }
}
